
Microsoft Visual Studio Solution File, Format Version 12.00
# Visual Studio Version 16
VisualStudioVersion = 16.0.29230.47
MinimumVisualStudioVersion = 10.0.40219.1
Project("{FAE04EC0-301F-11D3-BF4B-00C04F79EFBC}") = "SimpleSauce", "SimpleSauce.csproj", "{781CF150-58BB-42CC-9FFF-6F8ED521BCDA}"
EndProject
Project("{FAE04EC0-301F-11D3-BF4B-00C04F79EFBC}") = "SimpleSauce.Test", "..\SimpleSauce.Test\SimpleSauce.Test.csproj", "{DBD7C90F-9514-4EDD-AAB2-63F699CA0BED}"
EndProject
Global
	GlobalSection(SolutionConfigurationPlatforms) = preSolution
		Debug|Any CPU = Debug|Any CPU
		Release|Any CPU = Release|Any CPU
	EndGlobalSection
	GlobalSection(ProjectConfigurationPlatforms) = postSolution
		{781CF150-58BB-42CC-9FFF-6F8ED521BCDA}.Debug|Any CPU.ActiveCfg = Debug|Any CPU
		{781CF150-58BB-42CC-9FFF-6F8ED521BCDA}.Debug|Any CPU.Build.0 = Debug|Any CPU
		{781CF150-58BB-42CC-9FFF-6F8ED521BCDA}.Release|Any CPU.ActiveCfg = Release|Any CPU
		{781CF150-58BB-42CC-9FFF-6F8ED521BCDA}.Release|Any CPU.Build.0 = Release|Any CPU
		{DBD7C90F-9514-4EDD-AAB2-63F699CA0BED}.Debug|Any CPU.ActiveCfg = Debug|Any CPU
		{DBD7C90F-9514-4EDD-AAB2-63F699CA0BED}.Debug|Any CPU.Build.0 = Debug|Any CPU
		{DBD7C90F-9514-4EDD-AAB2-63F699CA0BED}.Release|Any CPU.ActiveCfg = Release|Any CPU
		{DBD7C90F-9514-4EDD-AAB2-63F699CA0BED}.Release|Any CPU.Build.0 = Release|Any CPU
	EndGlobalSection
	GlobalSection(SolutionProperties) = preSolution
		HideSolutionNode = FALSE
	EndGlobalSection
	GlobalSection(ExtensibilityGlobals) = postSolution
		SolutionGuid = {B63DCFB9-E2DF-4886-AF33-8280A869A7F5}
	EndGlobalSection
EndGlobal
