
Microsoft Visual Studio Solution File, Format Version 12.00
# Visual Studio Version 16
VisualStudioVersion = 16.0.29230.47
MinimumVisualStudioVersion = 10.0.40219.1
Project("{9A19103F-16F7-4668-BE54-9A1E7A4F7556}") = "SimpleSauce.Test", "..\SimpleSauce.Test\SimpleSauce.Test.csproj", "{DBD7C90F-9514-4EDD-AAB2-63F699CA0BED}"
EndProject
Project("{2150E333-8FDC-42A3-9474-1A3956D46DE8}") = "Solution Items", "Solution Items", "{D7946C31-90AC-4E17-B663-66C057BD0201}"
	ProjectSection(SolutionItems) = preProject
		azure-pipelines-linux.yml = azure-pipelines-linux.yml
		azure-pipelines-mac.yml = azure-pipelines-mac.yml
		azure-pipelines.yml = azure-pipelines.yml
		README.md = README.md
		setSauceEnvironmentVariables.ps1 = setSauceEnvironmentVariables.ps1
	EndProjectSection
EndProject
Project("{2150E333-8FDC-42A3-9474-1A3956D46DE8}") = "src", "src", "{A87FACF6-AEFA-45FB-B73C-56378772CE57}"
EndProject
Project("{2150E333-8FDC-42A3-9474-1A3956D46DE8}") = "test", "test", "{8D1592F6-2723-4AD2-A792-3FEC4408BDC2}"
EndProject
Project("{9A19103F-16F7-4668-BE54-9A1E7A4F7556}") = "Simple.Sauce", "Simple.Sauce.csproj", "{14CDEF4F-FE78-4FA7-AD7C-A535C555BED9}"
EndProject
Project("{FAE04EC0-301F-11D3-BF4B-00C04F79EFBC}") = "DotnetFramework.Test", "..\DotnetFrameworkIntegration.Test\DotnetFramework.Test.csproj", "{26FCF68E-FE8D-40C8-9CB5-20095DFFF360}"
EndProject
Project("{FAE04EC0-301F-11D3-BF4B-00C04F79EFBC}") = "DotnetCore.Test", "..\DotnetCore.Test\DotnetCore.Test.csproj", "{EAEF175B-778D-4207-8E0A-F04D4F0A10F8}"
EndProject
Global
	GlobalSection(SolutionConfigurationPlatforms) = preSolution
		Debug|Any CPU = Debug|Any CPU
		Release|Any CPU = Release|Any CPU
	EndGlobalSection
	GlobalSection(ProjectConfigurationPlatforms) = postSolution
		{DBD7C90F-9514-4EDD-AAB2-63F699CA0BED}.Debug|Any CPU.ActiveCfg = Debug|Any CPU
		{DBD7C90F-9514-4EDD-AAB2-63F699CA0BED}.Debug|Any CPU.Build.0 = Debug|Any CPU
		{DBD7C90F-9514-4EDD-AAB2-63F699CA0BED}.Release|Any CPU.ActiveCfg = Release|Any CPU
		{DBD7C90F-9514-4EDD-AAB2-63F699CA0BED}.Release|Any CPU.Build.0 = Release|Any CPU
		{14CDEF4F-FE78-4FA7-AD7C-A535C555BED9}.Debug|Any CPU.ActiveCfg = Debug|Any CPU
		{14CDEF4F-FE78-4FA7-AD7C-A535C555BED9}.Debug|Any CPU.Build.0 = Debug|Any CPU
		{14CDEF4F-FE78-4FA7-AD7C-A535C555BED9}.Release|Any CPU.ActiveCfg = Release|Any CPU
		{14CDEF4F-FE78-4FA7-AD7C-A535C555BED9}.Release|Any CPU.Build.0 = Release|Any CPU
		{26FCF68E-FE8D-40C8-9CB5-20095DFFF360}.Debug|Any CPU.ActiveCfg = Debug|Any CPU
		{26FCF68E-FE8D-40C8-9CB5-20095DFFF360}.Debug|Any CPU.Build.0 = Debug|Any CPU
		{26FCF68E-FE8D-40C8-9CB5-20095DFFF360}.Release|Any CPU.ActiveCfg = Release|Any CPU
		{26FCF68E-FE8D-40C8-9CB5-20095DFFF360}.Release|Any CPU.Build.0 = Release|Any CPU
		{EAEF175B-778D-4207-8E0A-F04D4F0A10F8}.Debug|Any CPU.ActiveCfg = Debug|Any CPU
		{EAEF175B-778D-4207-8E0A-F04D4F0A10F8}.Debug|Any CPU.Build.0 = Debug|Any CPU
		{EAEF175B-778D-4207-8E0A-F04D4F0A10F8}.Release|Any CPU.ActiveCfg = Release|Any CPU
		{EAEF175B-778D-4207-8E0A-F04D4F0A10F8}.Release|Any CPU.Build.0 = Release|Any CPU
	EndGlobalSection
	GlobalSection(SolutionProperties) = preSolution
		HideSolutionNode = FALSE
	EndGlobalSection
	GlobalSection(NestedProjects) = preSolution
		{DBD7C90F-9514-4EDD-AAB2-63F699CA0BED} = {8D1592F6-2723-4AD2-A792-3FEC4408BDC2}
		{14CDEF4F-FE78-4FA7-AD7C-A535C555BED9} = {A87FACF6-AEFA-45FB-B73C-56378772CE57}
		{26FCF68E-FE8D-40C8-9CB5-20095DFFF360} = {8D1592F6-2723-4AD2-A792-3FEC4408BDC2}
		{EAEF175B-778D-4207-8E0A-F04D4F0A10F8} = {8D1592F6-2723-4AD2-A792-3FEC4408BDC2}
	EndGlobalSection
	GlobalSection(ExtensibilityGlobals) = postSolution
		SolutionGuid = {B63DCFB9-E2DF-4886-AF33-8280A869A7F5}
	EndGlobalSection
EndGlobal
